
Microsoft Visual Studio Solution File, Format Version 12.00
# Visual Studio Version 17
VisualStudioVersion = 17.11.35327.3
MinimumVisualStudioVersion = 10.0.40219.1
Project("{FAE04EC0-301F-11D3-BF4B-00C04F79EFBC}") = "EntityFrameworkCore_Bug_11_27_24", "EntityFrameworkCore_Bug_11_27_24\EntityFrameworkCore_Bug_11_27_24.csproj", "{2DAD5A83-E6C3-4E95-AD0E-424EB2EF0FEA}"
EndProject
Global
	GlobalSection(SolutionConfigurationPlatforms) = preSolution
		Debug|Any CPU = Debug|Any CPU
		Release|Any CPU = Release|Any CPU
	EndGlobalSection
	GlobalSection(ProjectConfigurationPlatforms) = postSolution
		{2DAD5A83-E6C3-4E95-AD0E-424EB2EF0FEA}.Debug|Any CPU.ActiveCfg = Debug|Any CPU
		{2DAD5A83-E6C3-4E95-AD0E-424EB2EF0FEA}.Debug|Any CPU.Build.0 = Debug|Any CPU
		{2DAD5A83-E6C3-4E95-AD0E-424EB2EF0FEA}.Release|Any CPU.ActiveCfg = Release|Any CPU
		{2DAD5A83-E6C3-4E95-AD0E-424EB2EF0FEA}.Release|Any CPU.Build.0 = Release|Any CPU
	EndGlobalSection
	GlobalSection(SolutionProperties) = preSolution
		HideSolutionNode = FALSE
	EndGlobalSection
	GlobalSection(ExtensibilityGlobals) = postSolution
		SolutionGuid = {4AB422AB-529D-4B97-B978-77DC7331E2B1}
	EndGlobalSection
EndGlobal
